<?xml version="1.0" encoding="UTF-8" standalone="yes" ?>
<CodeBlocks_project_file>
	<FileVersion major="1" minor="6" />
	<Project>
		<Option title="Data Structure Viz" />
		<Option pch_mode="2" />
		<Option compiler="gcc" />
		<Build>
			<Target title="Debug">
				<Option output="bin/Debug/DSViz" prefix_auto="1" extension_auto="1" />
				<Option object_output="obj/Debug/" />
				<Option type="1" />
				<Option compiler="gcc" />
				<Compiler>
					<Add option="-g" />
				</Compiler>
			</Target>
			<Target title="Release">
				<Option output="bin/Release/DSViz" prefix_auto="1" extension_auto="1" />
				<Option object_output="obj/Release/" />
				<Option type="1" />
				<Option compiler="gcc" />
				<Compiler>
					<Add option="-O2" />
				</Compiler>
				<Linker>
					<Add option="-s" />
				</Linker>
			</Target>
		</Build>
		<Compiler>
			<Add option="-Wall" />
		</Compiler>
		<Unit filename="bst.c">
			<Option compilerVar="CC" />
		</Unit>
		<Unit filename="bst.h" />
		<Unit filename="double_threaded_bst.c">
			<Option compilerVar="CC" />
		</Unit>
		<Unit filename="double_threaded_bst.h">
			<Option target="&lt;{~None~}&gt;" />
		</Unit>
		<Unit filename="left_threaded_bst.c">
			<Option compilerVar="CC" />
		</Unit>
		<Unit filename="left_threaded_bst.h">
			<Option target="&lt;{~None~}&gt;" />
		</Unit>
		<Unit filename="main.c">
			<Option compilerVar="CC" />
		</Unit>
		<Unit filename="r_threaded_bst.h">
			<Option target="&lt;{~None~}&gt;" />
		</Unit>
		<Unit filename="right_threaded_bst.c">
			<Option compilerVar="CC" />
		</Unit>
		<Unit filename="threaded_bst.c">
			<Option compilerVar="CC" />
		</Unit>
		<Unit filename="threaded_bst.h">
			<Option target="&lt;{~None~}&gt;" />
		</Unit>
		<Unit filename="utility.c">
			<Option compilerVar="CC" />
		</Unit>
		<Unit filename="utility.h" />
		<Extensions />
	</Project>
</CodeBlocks_project_file>
